
Microsoft Visual Studio Solution File, Format Version 12.00
# Visual Studio Version 16
VisualStudioVersion = 16.0.29424.173
MinimumVisualStudioVersion = 10.0.40219.1
Project("{FAE04EC0-301F-11D3-BF4B-00C04F79EFBC}") = "Personal_database_class", "Personal_database_class\Personal_database_class.csproj", "{620287BC-270B-4E06-BCB6-7F82AE0D0996}"
EndProject
Global
	GlobalSection(SolutionConfigurationPlatforms) = preSolution
		Debug|Any CPU = Debug|Any CPU
		Release|Any CPU = Release|Any CPU
	EndGlobalSection
	GlobalSection(ProjectConfigurationPlatforms) = postSolution
		{620287BC-270B-4E06-BCB6-7F82AE0D0996}.Debug|Any CPU.ActiveCfg = Debug|Any CPU
		{620287BC-270B-4E06-BCB6-7F82AE0D0996}.Debug|Any CPU.Build.0 = Debug|Any CPU
		{620287BC-270B-4E06-BCB6-7F82AE0D0996}.Release|Any CPU.ActiveCfg = Release|Any CPU
		{620287BC-270B-4E06-BCB6-7F82AE0D0996}.Release|Any CPU.Build.0 = Release|Any CPU
	EndGlobalSection
	GlobalSection(SolutionProperties) = preSolution
		HideSolutionNode = FALSE
	EndGlobalSection
	GlobalSection(ExtensibilityGlobals) = postSolution
		SolutionGuid = {64352FAB-E0AD-4C39-9D84-C35FA1C14D41}
	EndGlobalSection
EndGlobal
