
Microsoft Visual Studio Solution File, Format Version 12.00
# Visual Studio Version 16
VisualStudioVersion = 16.0.29424.173
MinimumVisualStudioVersion = 10.0.40219.1
Project("{FAE04EC0-301F-11D3-BF4B-00C04F79EFBC}") = "Array_basics", "Array_basics\Array_basics.csproj", "{8E696B32-F902-4652-9C6E-867B90C67339}"
EndProject
Global
	GlobalSection(SolutionConfigurationPlatforms) = preSolution
		Debug|Any CPU = Debug|Any CPU
		Release|Any CPU = Release|Any CPU
	EndGlobalSection
	GlobalSection(ProjectConfigurationPlatforms) = postSolution
		{8E696B32-F902-4652-9C6E-867B90C67339}.Debug|Any CPU.ActiveCfg = Debug|Any CPU
		{8E696B32-F902-4652-9C6E-867B90C67339}.Debug|Any CPU.Build.0 = Debug|Any CPU
		{8E696B32-F902-4652-9C6E-867B90C67339}.Release|Any CPU.ActiveCfg = Release|Any CPU
		{8E696B32-F902-4652-9C6E-867B90C67339}.Release|Any CPU.Build.0 = Release|Any CPU
	EndGlobalSection
	GlobalSection(SolutionProperties) = preSolution
		HideSolutionNode = FALSE
	EndGlobalSection
	GlobalSection(ExtensibilityGlobals) = postSolution
		SolutionGuid = {345DE0CA-3C96-4D48-93A2-8C9C3B0161A0}
	EndGlobalSection
EndGlobal
