
Microsoft Visual Studio Solution File, Format Version 12.00
# Visual Studio Version 16
VisualStudioVersion = 16.0.29424.173
MinimumVisualStudioVersion = 10.0.40219.1
Project("{FAE04EC0-301F-11D3-BF4B-00C04F79EFBC}") = "CarLot_classes_tut", "CarLot_classes_tut\CarLot_classes_tut.csproj", "{5A24510C-7374-4698-8FEC-58825ABC486E}"
EndProject
Global
	GlobalSection(SolutionConfigurationPlatforms) = preSolution
		Debug|Any CPU = Debug|Any CPU
		Release|Any CPU = Release|Any CPU
	EndGlobalSection
	GlobalSection(ProjectConfigurationPlatforms) = postSolution
		{5A24510C-7374-4698-8FEC-58825ABC486E}.Debug|Any CPU.ActiveCfg = Debug|Any CPU
		{5A24510C-7374-4698-8FEC-58825ABC486E}.Debug|Any CPU.Build.0 = Debug|Any CPU
		{5A24510C-7374-4698-8FEC-58825ABC486E}.Release|Any CPU.ActiveCfg = Release|Any CPU
		{5A24510C-7374-4698-8FEC-58825ABC486E}.Release|Any CPU.Build.0 = Release|Any CPU
	EndGlobalSection
	GlobalSection(SolutionProperties) = preSolution
		HideSolutionNode = FALSE
	EndGlobalSection
	GlobalSection(ExtensibilityGlobals) = postSolution
		SolutionGuid = {B988077F-3C01-473F-8BF3-CE53AEB2F411}
	EndGlobalSection
EndGlobal
