
Microsoft Visual Studio Solution File, Format Version 12.00
# Visual Studio Version 16
VisualStudioVersion = 16.0.29424.173
MinimumVisualStudioVersion = 10.0.40219.1
Project("{FAE04EC0-301F-11D3-BF4B-00C04F79EFBC}") = "Rollong_dice_game", "Rollong_dice_game\Rollong_dice_game.csproj", "{7EF1BDD6-2A66-445B-A703-DC50E875116F}"
EndProject
Global
	GlobalSection(SolutionConfigurationPlatforms) = preSolution
		Debug|Any CPU = Debug|Any CPU
		Release|Any CPU = Release|Any CPU
	EndGlobalSection
	GlobalSection(ProjectConfigurationPlatforms) = postSolution
		{7EF1BDD6-2A66-445B-A703-DC50E875116F}.Debug|Any CPU.ActiveCfg = Debug|Any CPU
		{7EF1BDD6-2A66-445B-A703-DC50E875116F}.Debug|Any CPU.Build.0 = Debug|Any CPU
		{7EF1BDD6-2A66-445B-A703-DC50E875116F}.Release|Any CPU.ActiveCfg = Release|Any CPU
		{7EF1BDD6-2A66-445B-A703-DC50E875116F}.Release|Any CPU.Build.0 = Release|Any CPU
	EndGlobalSection
	GlobalSection(SolutionProperties) = preSolution
		HideSolutionNode = FALSE
	EndGlobalSection
	GlobalSection(ExtensibilityGlobals) = postSolution
		SolutionGuid = {84FE3E95-B030-40EC-9D78-D20F45775BCA}
	EndGlobalSection
EndGlobal
