
Microsoft Visual Studio Solution File, Format Version 12.00
# Visual Studio Version 16
VisualStudioVersion = 16.0.29424.173
MinimumVisualStudioVersion = 10.0.40219.1
Project("{FAE04EC0-301F-11D3-BF4B-00C04F79EFBC}") = "Collection_Exercise", "Collection_Exercise\Collection_Exercise.csproj", "{4195F20C-7F48-4754-B2DD-AABE81F472E5}"
EndProject
Global
	GlobalSection(SolutionConfigurationPlatforms) = preSolution
		Debug|Any CPU = Debug|Any CPU
		Release|Any CPU = Release|Any CPU
	EndGlobalSection
	GlobalSection(ProjectConfigurationPlatforms) = postSolution
		{4195F20C-7F48-4754-B2DD-AABE81F472E5}.Debug|Any CPU.ActiveCfg = Debug|Any CPU
		{4195F20C-7F48-4754-B2DD-AABE81F472E5}.Debug|Any CPU.Build.0 = Debug|Any CPU
		{4195F20C-7F48-4754-B2DD-AABE81F472E5}.Release|Any CPU.ActiveCfg = Release|Any CPU
		{4195F20C-7F48-4754-B2DD-AABE81F472E5}.Release|Any CPU.Build.0 = Release|Any CPU
	EndGlobalSection
	GlobalSection(SolutionProperties) = preSolution
		HideSolutionNode = FALSE
	EndGlobalSection
	GlobalSection(ExtensibilityGlobals) = postSolution
		SolutionGuid = {98AAC81F-D8F3-461A-BAC1-7B7215424581}
	EndGlobalSection
EndGlobal
